# THIS IS AN AUTOGENERATED FILE. DO NOT EDIT THIS FILE DIRECTLY.
# yarn lockfile v1


"@babel/runtime@^7.9.2":
  version "7.14.8"
  resolved "https://registry.nlark.com/@babel/runtime/download/@babel/runtime-7.14.8.tgz#7119a56f421018852694290b9f9148097391b446"
  integrity sha1-cRmlb0IQGIUmlCkLn5FICXORtEY=
  dependencies:
    regenerator-runtime "^0.13.4"

redux@^4.1.0:
  version "4.1.0"
  resolved "https://registry.nlark.com/redux/download/redux-4.1.0.tgz#eb049679f2f523c379f1aff345c8612f294c88d4"
  integrity sha1-6wSWefL1I8N58a/zRchhLylMiNQ=
  dependencies:
    "@babel/runtime" "^7.9.2"

regenerator-runtime@^0.13.4:
  version "0.13.9"
  resolved "https://registry.nlark.com/regenerator-runtime/download/regenerator-runtime-0.13.9.tgz?cache=0&sync_timestamp=1626993001371&other_urls=https%3A%2F%2Fregistry.nlark.com%2Fregenerator-runtime%2Fdownload%2Fregenerator-runtime-0.13.9.tgz#8925742a98ffd90814988d7566ad30ca3b263b52"
  integrity sha1-iSV0Kpj/2QgUmI11Zq0wyjsmO1I=
